// !$*UTF8*$!
{
	archiveVersion = 1;
	classes = {
	};
	objectVersion = 55;
	objects = {

/* Begin PBXBuildFile section */
		000DF7E827113D8500832BDB /* AppDelegate.swift in Sources */ = {isa = PBXBuildFile; fileRef = 000DF7E727113D8500832BDB /* AppDelegate.swift */; };
		000DF7EA27113D8500832BDB /* SceneDelegate.swift in Sources */ = {isa = PBXBuildFile; fileRef = 000DF7E927113D8500832BDB /* SceneDelegate.swift */; };
		000DF7EC27113D8500832BDB /* ViewController.swift in Sources */ = {isa = PBXBuildFile; fileRef = 000DF7EB27113D8500832BDB /* ViewController.swift */; };
		000DF7EF27113D8500832BDB /* Main.storyboard in Resources */ = {isa = PBXBuildFile; fileRef = 000DF7ED27113D8500832BDB /* Main.storyboard */; };
		000DF7F127113D8800832BDB /* Assets.xcassets in Resources */ = {isa = PBXBuildFile; fileRef = 000DF7F027113D8800832BDB /* Assets.xcassets */; };
		000DF7F427113D8800832BDB /* LaunchScreen.storyboard in Resources */ = {isa = PBXBuildFile; fileRef = 000DF7F227113D8800832BDB /* LaunchScreen.storyboard */; };
		000DF7FF27113D8900832BDB /* MOHTests.swift in Sources */ = {isa = PBXBuildFile; fileRef = 000DF7FE27113D8900832BDB /* MOHTests.swift */; };
		000DF80927113D8900832BDB /* MOHUITests.swift in Sources */ = {isa = PBXBuildFile; fileRef = 000DF80827113D8900832BDB /* MOHUITests.swift */; };
		000DF80B27113D8900832BDB /* MOHUITestsLaunchTests.swift in Sources */ = {isa = PBXBuildFile; fileRef = 000DF80A27113D8900832BDB /* MOHUITestsLaunchTests.swift */; };
/* End PBXBuildFile section */

/* Begin PBXContainerItemProxy section */
		000DF7FB27113D8900832BDB /* PBXContainerItemProxy */ = {
			isa = PBXContainerItemProxy;
			containerPortal = 000DF7DC27113D8500832BDB /* Project object */;
			proxyType = 1;
			remoteGlobalIDString = 000DF7E327113D8500832BDB;
			remoteInfo = MOH;
		};
		000DF80527113D8900832BDB /* PBXContainerItemProxy */ = {
			isa = PBXContainerItemProxy;
			containerPortal = 000DF7DC27113D8500832BDB /* Project object */;
			proxyType = 1;
			remoteGlobalIDString = 000DF7E327113D8500832BDB;
			remoteInfo = MOH;
		};
/* End PBXContainerItemProxy section */

/* Begin PBXFileReference section */
		000DF7E427113D8500832BDB /* MOH.app */ = {isa = PBXFileReference; explicitFileType = wrapper.application; includeInIndex = 0; path = MOH.app; sourceTree = BUILT_PRODUCTS_DIR; };
		000DF7E727113D8500832BDB /* AppDelegate.swift */ = {isa = PBXFileReference; lastKnownFileType = sourcecode.swift; path = AppDelegate.swift; sourceTree = "<group>"; };
		000DF7E927113D8500832BDB /* SceneDelegate.swift */ = {isa = PBXFileReference; lastKnownFileType = sourcecode.swift; path = SceneDelegate.swift; sourceTree = "<group>"; };
		000DF7EB27113D8500832BDB /* ViewController.swift */ = {isa = PBXFileReference; lastKnownFileType = sourcecode.swift; path = ViewController.swift; sourceTree = "<group>"; };
		000DF7EE27113D8500832BDB /* Base */ = {isa = PBXFileReference; lastKnownFileType = file.storyboard; name = Base; path = Base.lproj/Main.storyboard; sourceTree = "<group>"; };
		000DF7F027113D8800832BDB /* Assets.xcassets */ = {isa = PBXFileReference; lastKnownFileType = folder.assetcatalog; path = Assets.xcassets; sourceTree = "<group>"; };
		000DF7F327113D8800832BDB /* Base */ = {isa = PBXFileReference; lastKnownFileType = file.storyboard; name = Base; path = Base.lproj/LaunchScreen.storyboard; sourceTree = "<group>"; };
		000DF7F527113D8800832BDB /* Info.plist */ = {isa = PBXFileReference; lastKnownFileType = text.plist.xml; path = Info.plist; sourceTree = "<group>"; };
		000DF7FA27113D8900832BDB /* MOHTests.xctest */ = {isa = PBXFileReference; explicitFileType = wrapper.cfbundle; includeInIndex = 0; path = MOHTests.xctest; sourceTree = BUILT_PRODUCTS_DIR; };
		000DF7FE27113D8900832BDB /* MOHTests.swift */ = {isa = PBXFileReference; lastKnownFileType = sourcecode.swift; path = MOHTests.swift; sourceTree = "<group>"; };
		000DF80427113D8900832BDB /* MOHUITests.xctest */ = {isa = PBXFileReference; explicitFileType = wrapper.cfbundle; includeInIndex = 0; path = MOHUITests.xctest; sourceTree = BUILT_PRODUCTS_DIR; };
		000DF80827113D8900832BDB /* MOHUITests.swift */ = {isa = PBXFileReference; lastKnownFileType = sourcecode.swift; path = MOHUITests.swift; sourceTree = "<group>"; };
		000DF80A27113D8900832BDB /* MOHUITestsLaunchTests.swift */ = {isa = PBXFileReference; lastKnownFileType = sourcecode.swift; path = MOHUITestsLaunchTests.swift; sourceTree = "<group>"; };
/* End PBXFileReference section */

/* Begin PBXFrameworksBuildPhase section */
		000DF7E127113D8500832BDB /* Frameworks */ = {
			isa = PBXFrameworksBuildPhase;
			buildActionMask = 2147483647;
			files = (
			);
			runOnlyForDeploymentPostprocessing = 0;
		};
		000DF7F727113D8900832BDB /* Frameworks */ = {
			isa = PBXFrameworksBuildPhase;
			buildActionMask = 2147483647;
			files = (
			);
			runOnlyForDeploymentPostprocessing = 0;
		};
		000DF80127113D8900832BDB /* Frameworks */ = {
			isa = PBXFrameworksBuildPhase;
			buildActionMask = 2147483647;
			files = (
			);
			runOnlyForDeploymentPostprocessing = 0;
		};
/* End PBXFrameworksBuildPhase section */

/* Begin PBXGroup section */
		000DF7DB27113D8500832BDB = {
			isa = PBXGroup;
			children = (
				000DF7E627113D8500832BDB /* MOH */,
				000DF7FD27113D8900832BDB /* MOHTests */,
				000DF80727113D8900832BDB /* MOHUITests */,
				000DF7E527113D8500832BDB /* Products */,
			);
			sourceTree = "<group>";
		};
		000DF7E527113D8500832BDB /* Products */ = {
			isa = PBXGroup;
			children = (
				000DF7E427113D8500832BDB /* MOH.app */,
				000DF7FA27113D8900832BDB /* MOHTests.xctest */,
				000DF80427113D8900832BDB /* MOHUITests.xctest */,
			);
			name = Products;
			sourceTree = "<group>";
		};
		000DF7E627113D8500832BDB /* MOH */ = {
			isa = PBXGroup;
			children = (
				000DF7E727113D8500832BDB /* AppDelegate.swift */,
				000DF7E927113D8500832BDB /* SceneDelegate.swift */,
				000DF7EB27113D8500832BDB /* ViewController.swift */,
				000DF7ED27113D8500832BDB /* Main.storyboard */,
				000DF7F027113D8800832BDB /* Assets.xcassets */,
				000DF7F227113D8800832BDB /* LaunchScreen.storyboard */,
				000DF7F527113D8800832BDB /* Info.plist */,
			);
			path = MOH;
			sourceTree = "<group>";
		};
		000DF7FD27113D8900832BDB /* MOHTests */ = {
			isa = PBXGroup;
			children = (
				000DF7FE27113D8900832BDB /* MOHTests.swift */,
			);
			path = MOHTests;
			sourceTree = "<group>";
		};
		000DF80727113D8900832BDB /* MOHUITests */ = {
			isa = PBXGroup;
			children = (
				000DF80827113D8900832BDB /* MOHUITests.swift */,
				000DF80A27113D8900832BDB /* MOHUITestsLaunchTests.swift */,
			);
			path = MOHUITests;
			sourceTree = "<group>";
		};
/* End PBXGroup section */

/* Begin PBXNativeTarget section */
		000DF7E327113D8500832BDB /* MOH */ = {
			isa = PBXNativeTarget;
			buildConfigurationList = 000DF80E27113D8900832BDB /* Build configuration list for PBXNativeTarget "MOH" */;
			buildPhases = (
				000DF7E027113D8500832BDB /* Sources */,
				000DF7E127113D8500832BDB /* Frameworks */,
				000DF7E227113D8500832BDB /* Resources */,
			);
			buildRules = (
			);
			dependencies = (
			);
			name = MOH;
			productName = MOH;
			productReference = 000DF7E427113D8500832BDB /* MOH.app */;
			productType = "com.apple.product-type.application";
		};
		000DF7F927113D8900832BDB /* MOHTests */ = {
			isa = PBXNativeTarget;
			buildConfigurationList = 000DF81127113D8900832BDB /* Build configuration list for PBXNativeTarget "MOHTests" */;
			buildPhases = (
				000DF7F627113D8900832BDB /* Sources */,
				000DF7F727113D8900832BDB /* Frameworks */,
				000DF7F827113D8900832BDB /* Resources */,
			);
			buildRules = (
			);
			dependencies = (
				000DF7FC27113D8900832BDB /* PBXTargetDependency */,
			);
			name = MOHTests;
			productName = MOHTests;
			productReference = 000DF7FA27113D8900832BDB /* MOHTests.xctest */;
			productType = "com.apple.product-type.bundle.unit-test";
		};
		000DF80327113D8900832BDB /* MOHUITests */ = {
			isa = PBXNativeTarget;
			buildConfigurationList = 000DF81427113D8900832BDB /* Build configuration list for PBXNativeTarget "MOHUITests" */;
			buildPhases = (
				000DF80027113D8900832BDB /* Sources */,
				000DF80127113D8900832BDB /* Frameworks */,
				000DF80227113D8900832BDB /* Resources */,
			);
			buildRules = (
			);
			dependencies = (
				000DF80627113D8900832BDB /* PBXTargetDependency */,
			);
			name = MOHUITests;
			productName = MOHUITests;
			productReference = 000DF80427113D8900832BDB /* MOHUITests.xctest */;
			productType = "com.apple.product-type.bundle.ui-testing";
		};
/* End PBXNativeTarget section */

/* Begin PBXProject section */
		000DF7DC27113D8500832BDB /* Project object */ = {
			isa = PBXProject;
			attributes = {
				BuildIndependentTargetsInParallel = 1;
				LastSwiftUpdateCheck = 1300;
				LastUpgradeCheck = 1300;
				TargetAttributes = {
					000DF7E327113D8500832BDB = {
						CreatedOnToolsVersion = 13.0;
					};
					000DF7F927113D8900832BDB = {
						CreatedOnToolsVersion = 13.0;
						TestTargetID = 000DF7E327113D8500832BDB;
					};
					000DF80327113D8900832BDB = {
						CreatedOnToolsVersion = 13.0;
						TestTargetID = 000DF7E327113D8500832BDB;
					};
				};
			};
			buildConfigurationList = 000DF7DF27113D8500832BDB /* Build configuration list for PBXProject "MOH" */;
			compatibilityVersion = "Xcode 13.0";
			developmentRegion = en;
			hasScannedForEncodings = 0;
			knownRegions = (
				en,
				Base,
			);
			mainGroup = 000DF7DB27113D8500832BDB;
			productRefGroup = 000DF7E527113D8500832BDB /* Products */;
			projectDirPath = "";
			projectRoot = "";
			targets = (
				000DF7E327113D8500832BDB /* MOH */,
				000DF7F927113D8900832BDB /* MOHTests */,
				000DF80327113D8900832BDB /* MOHUITests */,
			);
		};
/* End PBXProject section */

/* Begin PBXResourcesBuildPhase section */
		000DF7E227113D8500832BDB /* Resources */ = {
			isa = PBXResourcesBuildPhase;
			buildActionMask = 2147483647;
			files = (
				000DF7F427113D8800832BDB /* LaunchScreen.storyboard in Resources */,
				000DF7F127113D8800832BDB /* Assets.xcassets in Resources */,
				000DF7EF27113D8500832BDB /* Main.storyboard in Resources */,
			);
			runOnlyForDeploymentPostprocessing = 0;
		};
		000DF7F827113D8900832BDB /* Resources */ = {
			isa = PBXResourcesBuildPhase;
			buildActionMask = 2147483647;
			files = (
			);
			runOnlyForDeploymentPostprocessing = 0;
		};
		000DF80227113D8900832BDB /* Resources */ = {
			isa = PBXResourcesBuildPhase;
			buildActionMask = 2147483647;
			files = (
			);
			runOnlyForDeploymentPostprocessing = 0;
		};
/* End PBXResourcesBuildPhase section */

/* Begin PBXSourcesBuildPhase section */
		000DF7E027113D8500832BDB /* Sources */ = {
			isa = PBXSourcesBuildPhase;
			buildActionMask = 2147483647;
			files = (
				000DF7EC27113D8500832BDB /* ViewController.swift in Sources */,
				000DF7E827113D8500832BDB /* AppDelegate.swift in Sources */,
				000DF7EA27113D8500832BDB /* SceneDelegate.swift in Sources */,
			);
			runOnlyForDeploymentPostprocessing = 0;
		};
		000DF7F627113D8900832BDB /* Sources */ = {
			isa = PBXSourcesBuildPhase;
			buildActionMask = 2147483647;
			files = (
				000DF7FF27113D8900832BDB /* MOHTests.swift in Sources */,
			);
			runOnlyForDeploymentPostprocessing = 0;
		};
		000DF80027113D8900832BDB /* Sources */ = {
			isa = PBXSourcesBuildPhase;
			buildActionMask = 2147483647;
			files = (
				000DF80927113D8900832BDB /* MOHUITests.swift in Sources */,
				000DF80B27113D8900832BDB /* MOHUITestsLaunchTests.swift in Sources */,
			);
			runOnlyForDeploymentPostprocessing = 0;
		};
/* End PBXSourcesBuildPhase section */

/* Begin PBXTargetDependency section */
		000DF7FC27113D8900832BDB /* PBXTargetDependency */ = {
			isa = PBXTargetDependency;
			target = 000DF7E327113D8500832BDB /* MOH */;
			targetProxy = 000DF7FB27113D8900832BDB /* PBXContainerItemProxy */;
		};
		000DF80627113D8900832BDB /* PBXTargetDependency */ = {
			isa = PBXTargetDependency;
			target = 000DF7E327113D8500832BDB /* MOH */;
			targetProxy = 000DF80527113D8900832BDB /* PBXContainerItemProxy */;
		};
/* End PBXTargetDependency section */

/* Begin PBXVariantGroup section */
		000DF7ED27113D8500832BDB /* Main.storyboard */ = {
			isa = PBXVariantGroup;
			children = (
				000DF7EE27113D8500832BDB /* Base */,
			);
			name = Main.storyboard;
			sourceTree = "<group>";
		};
		000DF7F227113D8800832BDB /* LaunchScreen.storyboard */ = {
			isa = PBXVariantGroup;
			children = (
				000DF7F327113D8800832BDB /* Base */,
			);
			name = LaunchScreen.storyboard;
			sourceTree = "<group>";
		};
/* End PBXVariantGroup section */

/* Begin XCBuildConfiguration section */
		000DF80C27113D8900832BDB /* Debug */ = {
			isa = XCBuildConfiguration;
			buildSettings = {
				ALWAYS_SEARCH_USER_PATHS = NO;
				CLANG_ANALYZER_NONNULL = YES;
				CLANG_ANALYZER_NUMBER_OBJECT_CONVERSION = YES_AGGRESSIVE;
				CLANG_CXX_LANGUAGE_STANDARD = "gnu++17";
				CLANG_CXX_LIBRARY = "libc++";
				CLANG_ENABLE_MODULES = YES;
				CLANG_ENABLE_OBJC_ARC = YES;
				CLANG_ENABLE_OBJC_WEAK = YES;
				CLANG_WARN_BLOCK_CAPTURE_AUTORELEASING = YES;
				CLANG_WARN_BOOL_CONVERSION = YES;
				CLANG_WARN_COMMA = YES;
				CLANG_WARN_CONSTANT_CONVERSION = YES;
				CLANG_WARN_DEPRECATED_OBJC_IMPLEMENTATIONS = YES;
				CLANG_WARN_DIRECT_OBJC_ISA_USAGE = YES_ERROR;
				CLANG_WARN_DOCUMENTATION_COMMENTS = YES;
				CLANG_WARN_EMPTY_BODY = YES;
				CLANG_WARN_ENUM_CONVERSION = YES;
				CLANG_WARN_INFINITE_RECURSION = YES;
				CLANG_WARN_INT_CONVERSION = YES;
				CLANG_WARN_NON_LITERAL_NULL_CONVERSION = YES;
				CLANG_WARN_OBJC_IMPLICIT_RETAIN_SELF = YES;
				CLANG_WARN_OBJC_LITERAL_CONVERSION = YES;
				CLANG_WARN_OBJC_ROOT_CLASS = YES_ERROR;
				CLANG_WARN_QUOTED_INCLUDE_IN_FRAMEWORK_HEADER = YES;
				CLANG_WARN_RANGE_LOOP_ANALYSIS = YES;
				CLANG_WARN_STRICT_PROTOTYPES = YES;
				CLANG_WARN_SUSPICIOUS_MOVE = YES;
				CLANG_WARN_UNGUARDED_AVAILABILITY = YES_AGGRESSIVE;
				CLANG_WARN_UNREACHABLE_CODE = YES;
				CLANG_WARN__DUPLICATE_METHOD_MATCH = YES;
				COPY_PHASE_STRIP = NO;
				DEBUG_INFORMATION_FORMAT = dwarf;
				ENABLE_STRICT_OBJC_MSGSEND = YES;
				ENABLE_TESTABILITY = YES;
				GCC_C_LANGUAGE_STANDARD = gnu11;
				GCC_DYNAMIC_NO_PIC = NO;
				GCC_NO_COMMON_BLOCKS = YES;
				GCC_OPTIMIZATION_LEVEL = 0;
				GCC_PREPROCESSOR_DEFINITIONS = (
					"DEBUG=1",
					"$(inherited)",
				);
				GCC_WARN_64_TO_32_BIT_CONVERSION = YES;
				GCC_WARN_ABOUT_RETURN_TYPE = YES_ERROR;
				GCC_WARN_UNDECLARED_SELECTOR = YES;
				GCC_WARN_UNINITIALIZED_AUTOS = YES_AGGRESSIVE;
				GCC_WARN_UNUSED_FUNCTION = YES;
				GCC_WARN_UNUSED_VARIABLE = YES;
				IPHONEOS_DEPLOYMENT_TARGET = 15.0;
				MTL_ENABLE_DEBUG_INFO = INCLUDE_SOURCE;
				MTL_FAST_MATH = YES;
				ONLY_ACTIVE_ARCH = YES;
				SDKROOT = iphoneos;
				SWIFT_ACTIVE_COMPILATION_CONDITIONS = DEBUG;
				SWIFT_OPTIMIZATION_LEVEL = "-Onone";
			};
			name = Debug;
		};
		000DF80D27113D8900832BDB /* Release */ = {
			isa = XCBuildConfiguration;
			buildSettings = {
				ALWAYS_SEARCH_USER_PATHS = NO;
				CLANG_ANALYZER_NONNULL = YES;
				CLANG_ANALYZER_NUMBER_OBJECT_CONVERSION = YES_AGGRESSIVE;
				CLANG_CXX_LANGUAGE_STANDARD = "gnu++17";
				CLANG_CXX_LIBRARY = "libc++";
				CLANG_ENABLE_MODULES = YES;
				CLANG_ENABLE_OBJC_ARC = YES;
				CLANG_ENABLE_OBJC_WEAK = YES;
				CLANG_WARN_BLOCK_CAPTURE_AUTORELEASING = YES;
				CLANG_WARN_BOOL_CONVERSION = YES;
				CLANG_WARN_COMMA = YES;
				CLANG_WARN_CONSTANT_CONVERSION = YES;
				CLANG_WARN_DEPRECATED_OBJC_IMPLEMENTATIONS = YES;
				CLANG_WARN_DIRECT_OBJC_ISA_USAGE = YES_ERROR;
				CLANG_WARN_DOCUMENTATION_COMMENTS = YES;
				CLANG_WARN_EMPTY_BODY = YES;
				CLANG_WARN_ENUM_CONVERSION = YES;
				CLANG_WARN_INFINITE_RECURSION = YES;
				CLANG_WARN_INT_CONVERSION = YES;
				CLANG_WARN_NON_LITERAL_NULL_CONVERSION = YES;
				CLANG_WARN_OBJC_IMPLICIT_RETAIN_SELF = YES;
				CLANG_WARN_OBJC_LITERAL_CONVERSION = YES;
				CLANG_WARN_OBJC_ROOT_CLASS = YES_ERROR;
				CLANG_WARN_QUOTED_INCLUDE_IN_FRAMEWORK_HEADER = YES;
				CLANG_WARN_RANGE_LOOP_ANALYSIS = YES;
				CLANG_WARN_STRICT_PROTOTYPES = YES;
				CLANG_WARN_SUSPICIOUS_MOVE = YES;
				CLANG_WARN_UNGUARDED_AVAILABILITY = YES_AGGRESSIVE;
				CLANG_WARN_UNREACHABLE_CODE = YES;
				CLANG_WARN__DUPLICATE_METHOD_MATCH = YES;
				COPY_PHASE_STRIP = NO;
				DEBUG_INFORMATION_FORMAT = "dwarf-with-dsym";
				ENABLE_NS_ASSERTIONS = NO;
				ENABLE_STRICT_OBJC_MSGSEND = YES;
				GCC_C_LANGUAGE_STANDARD = gnu11;
				GCC_NO_COMMON_BLOCKS = YES;
				GCC_WARN_64_TO_32_BIT_CONVERSION = YES;
				GCC_WARN_ABOUT_RETURN_TYPE = YES_ERROR;
				GCC_WARN_UNDECLARED_SELECTOR = YES;
				GCC_WARN_UNINITIALIZED_AUTOS = YES_AGGRESSIVE;
				GCC_WARN_UNUSED_FUNCTION = YES;
				GCC_WARN_UNUSED_VARIABLE = YES;
				IPHONEOS_DEPLOYMENT_TARGET = 15.0;
				MTL_ENABLE_DEBUG_INFO = NO;
				MTL_FAST_MATH = YES;
				SDKROOT = iphoneos;
				SWIFT_COMPILATION_MODE = wholemodule;
				SWIFT_OPTIMIZATION_LEVEL = "-O";
				VALIDATE_PRODUCT = YES;
			};
			name = Release;
		};
		000DF80F27113D8900832BDB /* Debug */ = {
			isa = XCBuildConfiguration;
			buildSettings = {
				ASSETCATALOG_COMPILER_APPICON_NAME = AppIcon;
				ASSETCATALOG_COMPILER_GLOBAL_ACCENT_COLOR_NAME = AccentColor;
				CODE_SIGN_STYLE = Automatic;
				CURRENT_PROJECT_VERSION = 1;
				GENERATE_INFOPLIST_FILE = YES;
				INFOPLIST_FILE = MOH/Info.plist;
				INFOPLIST_KEY_UIApplicationSupportsIndirectInputEvents = YES;
				INFOPLIST_KEY_UILaunchStoryboardName = LaunchScreen;
				INFOPLIST_KEY_UIMainStoryboardFile = Main;
				INFOPLIST_KEY_UISupportedInterfaceOrientations_iPad = "UIInterfaceOrientationPortrait UIInterfaceOrientationPortraitUpsideDown UIInterfaceOrientationLandscapeLeft UIInterfaceOrientationLandscapeRight";
				INFOPLIST_KEY_UISupportedInterfaceOrientations_iPhone = "UIInterfaceOrientationPortrait UIInterfaceOrientationLandscapeLeft UIInterfaceOrientationLandscapeRight";
				LD_RUNPATH_SEARCH_PATHS = (
					"$(inherited)",
					"@executable_path/Frameworks",
				);
				MARKETING_VERSION = 1.0;
				PRODUCT_BUNDLE_IDENTIFIER = app.kawakami.boy.MOH;
				PRODUCT_NAME = "$(TARGET_NAME)";
				SWIFT_EMIT_LOC_STRINGS = YES;
				SWIFT_VERSION = 5.0;
				TARGETED_DEVICE_FAMILY = "1,2";
			};
			name = Debug;
		};
		000DF81027113D8900832BDB /* Release */ = {
			isa = XCBuildConfiguration;
			buildSettings = {
				ASSETCATALOG_COMPILER_APPICON_NAME = AppIcon;
				ASSETCATALOG_COMPILER_GLOBAL_ACCENT_COLOR_NAME = AccentColor;
				CODE_SIGN_STYLE = Automatic;
				CURRENT_PROJECT_VERSION = 1;
				GENERATE_INFOPLIST_FILE = YES;
				INFOPLIST_FILE = MOH/Info.plist;
				INFOPLIST_KEY_UIApplicationSupportsIndirectInputEvents = YES;
				INFOPLIST_KEY_UILaunchStoryboardName = LaunchScreen;
				INFOPLIST_KEY_UIMainStoryboardFile = Main;
				INFOPLIST_KEY_UISupportedInterfaceOrientations_iPad = "UIInterfaceOrientationPortrait UIInterfaceOrientationPortraitUpsideDown UIInterfaceOrientationLandscapeLeft UIInterfaceOrientationLandscapeRight";
				INFOPLIST_KEY_UISupportedInterfaceOrientations_iPhone = "UIInterfaceOrientationPortrait UIInterfaceOrientationLandscapeLeft UIInterfaceOrientationLandscapeRight";
				LD_RUNPATH_SEARCH_PATHS = (
					"$(inherited)",
					"@executable_path/Frameworks",
				);
				MARKETING_VERSION = 1.0;
				PRODUCT_BUNDLE_IDENTIFIER = app.kawakami.boy.MOH;
				PRODUCT_NAME = "$(TARGET_NAME)";
				SWIFT_EMIT_LOC_STRINGS = YES;
				SWIFT_VERSION = 5.0;
				TARGETED_DEVICE_FAMILY = "1,2";
			};
			name = Release;
		};
		000DF81227113D8900832BDB /* Debug */ = {
			isa = XCBuildConfiguration;
			buildSettings = {
				ALWAYS_EMBED_SWIFT_STANDARD_LIBRARIES = YES;
				BUNDLE_LOADER = "$(TEST_HOST)";
				CODE_SIGN_STYLE = Automatic;
				CURRENT_PROJECT_VERSION = 1;
				GENERATE_INFOPLIST_FILE = YES;
				IPHONEOS_DEPLOYMENT_TARGET = 15.0;
				LD_RUNPATH_SEARCH_PATHS = (
					"$(inherited)",
					"@executable_path/Frameworks",
					"@loader_path/Frameworks",
				);
				MARKETING_VERSION = 1.0;
				PRODUCT_BUNDLE_IDENTIFIER = app.kawakami.boy.MOHTests;
				PRODUCT_NAME = "$(TARGET_NAME)";
				SWIFT_EMIT_LOC_STRINGS = NO;
				SWIFT_VERSION = 5.0;
				TARGETED_DEVICE_FAMILY = "1,2";
				TEST_HOST = "$(BUILT_PRODUCTS_DIR)/MOH.app/MOH";
			};
			name = Debug;
		};
		000DF81327113D8900832BDB /* Release */ = {
			isa = XCBuildConfiguration;
			buildSettings = {
				ALWAYS_EMBED_SWIFT_STANDARD_LIBRARIES = YES;
				BUNDLE_LOADER = "$(TEST_HOST)";
				CODE_SIGN_STYLE = Automatic;
				CURRENT_PROJECT_VERSION = 1;
				GENERATE_INFOPLIST_FILE = YES;
				IPHONEOS_DEPLOYMENT_TARGET = 15.0;
				LD_RUNPATH_SEARCH_PATHS = (
					"$(inherited)",
					"@executable_path/Frameworks",
					"@loader_path/Frameworks",
				);
				MARKETING_VERSION = 1.0;
				PRODUCT_BUNDLE_IDENTIFIER = app.kawakami.boy.MOHTests;
				PRODUCT_NAME = "$(TARGET_NAME)";
				SWIFT_EMIT_LOC_STRINGS = NO;
				SWIFT_VERSION = 5.0;
				TARGETED_DEVICE_FAMILY = "1,2";
				TEST_HOST = "$(BUILT_PRODUCTS_DIR)/MOH.app/MOH";
			};
			name = Release;
		};
		000DF81527113D8900832BDB /* Debug */ = {
			isa = XCBuildConfiguration;
			buildSettings = {
				ALWAYS_EMBED_SWIFT_STANDARD_LIBRARIES = YES;
				CODE_SIGN_STYLE = Automatic;
				CURRENT_PROJECT_VERSION = 1;
				GENERATE_INFOPLIST_FILE = YES;
				LD_RUNPATH_SEARCH_PATHS = (
					"$(inherited)",
					"@executable_path/Frameworks",
					"@loader_path/Frameworks",
				);
				MARKETING_VERSION = 1.0;
				PRODUCT_BUNDLE_IDENTIFIER = app.kawakami.boy.MOHUITests;
				PRODUCT_NAME = "$(TARGET_NAME)";
				SWIFT_EMIT_LOC_STRINGS = NO;
				SWIFT_VERSION = 5.0;
				TARGETED_DEVICE_FAMILY = "1,2";
				TEST_TARGET_NAME = MOH;
			};
			name = Debug;
		};
		000DF81627113D8900832BDB /* Release */ = {
			isa = XCBuildConfiguration;
			buildSettings = {
				ALWAYS_EMBED_SWIFT_STANDARD_LIBRARIES = YES;
				CODE_SIGN_STYLE = Automatic;
				CURRENT_PROJECT_VERSION = 1;
				GENERATE_INFOPLIST_FILE = YES;
				LD_RUNPATH_SEARCH_PATHS = (
					"$(inherited)",
					"@executable_path/Frameworks",
					"@loader_path/Frameworks",
				);
				MARKETING_VERSION = 1.0;
				PRODUCT_BUNDLE_IDENTIFIER = app.kawakami.boy.MOHUITests;
				PRODUCT_NAME = "$(TARGET_NAME)";
				SWIFT_EMIT_LOC_STRINGS = NO;
				SWIFT_VERSION = 5.0;
				TARGETED_DEVICE_FAMILY = "1,2";
				TEST_TARGET_NAME = MOH;
			};
			name = Release;
		};
/* End XCBuildConfiguration section */

/* Begin XCConfigurationList section */
		000DF7DF27113D8500832BDB /* Build configuration list for PBXProject "MOH" */ = {
			isa = XCConfigurationList;
			buildConfigurations = (
				000DF80C27113D8900832BDB /* Debug */,
				000DF80D27113D8900832BDB /* Release */,
			);
			defaultConfigurationIsVisible = 0;
			defaultConfigurationName = Release;
		};
		000DF80E27113D8900832BDB /* Build configuration list for PBXNativeTarget "MOH" */ = {
			isa = XCConfigurationList;
			buildConfigurations = (
				000DF80F27113D8900832BDB /* Debug */,
				000DF81027113D8900832BDB /* Release */,
			);
			defaultConfigurationIsVisible = 0;
			defaultConfigurationName = Release;
		};
		000DF81127113D8900832BDB /* Build configuration list for PBXNativeTarget "MOHTests" */ = {
			isa = XCConfigurationList;
			buildConfigurations = (
				000DF81227113D8900832BDB /* Debug */,
				000DF81327113D8900832BDB /* Release */,
			);
			defaultConfigurationIsVisible = 0;
			defaultConfigurationName = Release;
		};
		000DF81427113D8900832BDB /* Build configuration list for PBXNativeTarget "MOHUITests" */ = {
			isa = XCConfigurationList;
			buildConfigurations = (
				000DF81527113D8900832BDB /* Debug */,
				000DF81627113D8900832BDB /* Release */,
			);
			defaultConfigurationIsVisible = 0;
			defaultConfigurationName = Release;
		};
/* End XCConfigurationList section */
	};
	rootObject = 000DF7DC27113D8500832BDB /* Project object */;
}
